
Microsoft Visual Studio Solution File, Format Version 12.00
Project("{FAE04EC0-301F-11D3-BF4B-00C04F79EFBC}") = "FinBeat.Tech.Api", "FinBeat.Tech.Api\FinBeat.Tech.Api.csproj", "{F5896413-D187-4659-B583-28EFB18A903D}"
EndProject
Global
	GlobalSection(SolutionConfigurationPlatforms) = preSolution
		Debug|Any CPU = Debug|Any CPU
		Release|Any CPU = Release|Any CPU
	EndGlobalSection
	GlobalSection(ProjectConfigurationPlatforms) = postSolution
		{F5896413-D187-4659-B583-28EFB18A903D}.Debug|Any CPU.ActiveCfg = Debug|Any CPU
		{F5896413-D187-4659-B583-28EFB18A903D}.Debug|Any CPU.Build.0 = Debug|Any CPU
		{F5896413-D187-4659-B583-28EFB18A903D}.Release|Any CPU.ActiveCfg = Release|Any CPU
		{F5896413-D187-4659-B583-28EFB18A903D}.Release|Any CPU.Build.0 = Release|Any CPU
	EndGlobalSection
EndGlobal
